
Microsoft Visual Studio Solution File, Format Version 12.00
# Visual Studio Version 16
VisualStudioVersion = 16.0.29424.173
MinimumVisualStudioVersion = 10.0.40219.1
Project("{FAE04EC0-301F-11D3-BF4B-00C04F79EFBC}") = "02 Where", "02 Where\02 Where.csproj", "{8106E5CC-8CD3-4C9B-88EA-73E2CC8115EE}"
EndProject
Global
	GlobalSection(SolutionConfigurationPlatforms) = preSolution
		Debug|Any CPU = Debug|Any CPU
		Release|Any CPU = Release|Any CPU
	EndGlobalSection
	GlobalSection(ProjectConfigurationPlatforms) = postSolution
		{8106E5CC-8CD3-4C9B-88EA-73E2CC8115EE}.Debug|Any CPU.ActiveCfg = Debug|Any CPU
		{8106E5CC-8CD3-4C9B-88EA-73E2CC8115EE}.Debug|Any CPU.Build.0 = Debug|Any CPU
		{8106E5CC-8CD3-4C9B-88EA-73E2CC8115EE}.Release|Any CPU.ActiveCfg = Release|Any CPU
		{8106E5CC-8CD3-4C9B-88EA-73E2CC8115EE}.Release|Any CPU.Build.0 = Release|Any CPU
	EndGlobalSection
	GlobalSection(SolutionProperties) = preSolution
		HideSolutionNode = FALSE
	EndGlobalSection
	GlobalSection(ExtensibilityGlobals) = postSolution
		SolutionGuid = {C777EC7B-F013-4A0B-81FD-6E3BD9603009}
	EndGlobalSection
EndGlobal
